
Microsoft Visual Studio Solution File, Format Version 12.00
# Visual Studio Version 16
VisualStudioVersion = 16.0.30011.22
MinimumVisualStudioVersion = 10.0.40219.1
Project("{FAE04EC0-301F-11D3-BF4B-00C04F79EFBC}") = "Client", "Client\Client.csproj", "{C46C7951-173B-41E7-AC65-22191D781AD2}"
EndProject
Project("{FAE04EC0-301F-11D3-BF4B-00C04F79EFBC}") = "Server", "Server\Server.csproj", "{EB711146-7C00-4369-8C3D-69C0E317555F}"
EndProject
Project("{FAE04EC0-301F-11D3-BF4B-00C04F79EFBC}") = "TrueMessageDLL", "TrueMessageDLL\TrueMessageDLL.csproj", "{6ADA5A89-D0C5-40F1-B367-07789796E898}"
EndProject
Project("{FAE04EC0-301F-11D3-BF4B-00C04F79EFBC}") = "MyListViewObjects", "MyListViewObjects\MyListViewObjects.csproj", "{AD6A7436-8C6E-4D16-9486-DAF031346F01}"
EndProject
Project("{FAE04EC0-301F-11D3-BF4B-00C04F79EFBC}") = "TrueXmlSerializerDLL", "TrueXmlSerializerDLL\TrueXmlSerializerDLL.csproj", "{35F59FF2-CDE5-42CA-A090-B57007BC0448}"
EndProject
Project("{FAE04EC0-301F-11D3-BF4B-00C04F79EFBC}") = "TestDLL", "TestDLL\TestDLL.csproj", "{33E2CEC9-E2E8-4E61-B190-8D402AD12A64}"
EndProject
Global
	GlobalSection(SolutionConfigurationPlatforms) = preSolution
		Debug|Any CPU = Debug|Any CPU
		Release|Any CPU = Release|Any CPU
	EndGlobalSection
	GlobalSection(ProjectConfigurationPlatforms) = postSolution
		{C46C7951-173B-41E7-AC65-22191D781AD2}.Debug|Any CPU.ActiveCfg = Debug|Any CPU
		{C46C7951-173B-41E7-AC65-22191D781AD2}.Debug|Any CPU.Build.0 = Debug|Any CPU
		{C46C7951-173B-41E7-AC65-22191D781AD2}.Release|Any CPU.ActiveCfg = Release|Any CPU
		{C46C7951-173B-41E7-AC65-22191D781AD2}.Release|Any CPU.Build.0 = Release|Any CPU
		{EB711146-7C00-4369-8C3D-69C0E317555F}.Debug|Any CPU.ActiveCfg = Debug|Any CPU
		{EB711146-7C00-4369-8C3D-69C0E317555F}.Debug|Any CPU.Build.0 = Debug|Any CPU
		{EB711146-7C00-4369-8C3D-69C0E317555F}.Release|Any CPU.ActiveCfg = Release|Any CPU
		{EB711146-7C00-4369-8C3D-69C0E317555F}.Release|Any CPU.Build.0 = Release|Any CPU
		{6ADA5A89-D0C5-40F1-B367-07789796E898}.Debug|Any CPU.ActiveCfg = Debug|Any CPU
		{6ADA5A89-D0C5-40F1-B367-07789796E898}.Debug|Any CPU.Build.0 = Debug|Any CPU
		{6ADA5A89-D0C5-40F1-B367-07789796E898}.Release|Any CPU.ActiveCfg = Release|Any CPU
		{6ADA5A89-D0C5-40F1-B367-07789796E898}.Release|Any CPU.Build.0 = Release|Any CPU
		{AD6A7436-8C6E-4D16-9486-DAF031346F01}.Debug|Any CPU.ActiveCfg = Debug|Any CPU
		{AD6A7436-8C6E-4D16-9486-DAF031346F01}.Debug|Any CPU.Build.0 = Debug|Any CPU
		{AD6A7436-8C6E-4D16-9486-DAF031346F01}.Release|Any CPU.ActiveCfg = Release|Any CPU
		{AD6A7436-8C6E-4D16-9486-DAF031346F01}.Release|Any CPU.Build.0 = Release|Any CPU
		{35F59FF2-CDE5-42CA-A090-B57007BC0448}.Debug|Any CPU.ActiveCfg = Debug|Any CPU
		{35F59FF2-CDE5-42CA-A090-B57007BC0448}.Debug|Any CPU.Build.0 = Debug|Any CPU
		{35F59FF2-CDE5-42CA-A090-B57007BC0448}.Release|Any CPU.ActiveCfg = Release|Any CPU
		{35F59FF2-CDE5-42CA-A090-B57007BC0448}.Release|Any CPU.Build.0 = Release|Any CPU
		{33E2CEC9-E2E8-4E61-B190-8D402AD12A64}.Debug|Any CPU.ActiveCfg = Debug|Any CPU
		{33E2CEC9-E2E8-4E61-B190-8D402AD12A64}.Debug|Any CPU.Build.0 = Debug|Any CPU
		{33E2CEC9-E2E8-4E61-B190-8D402AD12A64}.Release|Any CPU.ActiveCfg = Release|Any CPU
		{33E2CEC9-E2E8-4E61-B190-8D402AD12A64}.Release|Any CPU.Build.0 = Release|Any CPU
	EndGlobalSection
	GlobalSection(SolutionProperties) = preSolution
		HideSolutionNode = FALSE
	EndGlobalSection
	GlobalSection(ExtensibilityGlobals) = postSolution
		SolutionGuid = {7483A173-AFC6-4BB2-9F9D-C2C7B574D1F1}
	EndGlobalSection
EndGlobal
